
Microsoft Visual Studio Solution File, Format Version 12.00
# Visual Studio Version 16
VisualStudioVersion = 16.0.31402.337
MinimumVisualStudioVersion = 10.0.40219.1
Project("{2150E333-8FDC-42A3-9474-1A3956D46DE8}") = "1 - WebApi", "1 - WebApi", "{67EF8701-FBD4-40C0-A2CF-964584C72B51}"
EndProject
Project("{2150E333-8FDC-42A3-9474-1A3956D46DE8}") = "2 - Application", "2 - Application", "{3C4AFCEE-0433-47AB-8C33-36F53F193599}"
EndProject
Project("{2150E333-8FDC-42A3-9474-1A3956D46DE8}") = "3 - Domain", "3 - Domain", "{C3625282-4688-4FB0-98A6-EC6BCF3C8995}"
EndProject
Project("{2150E333-8FDC-42A3-9474-1A3956D46DE8}") = "4 - Infra", "4 - Infra", "{1DD02430-BEFB-422D-B91F-8DBCB60BD079}"
EndProject
Project("{2150E333-8FDC-42A3-9474-1A3956D46DE8}") = "5 - Test", "5 - Test", "{92F2B238-D715-4CEC-AE19-FFCE1FAD532F}"
EndProject
Project("{9A19103F-16F7-4668-BE54-9A1E7A4F7556}") = "LS.Domain", "src\Domain\LS.Domain\LS.Domain.csproj", "{DE83BABD-09FB-43F4-8815-E0714DB3DEDC}"
EndProject
Project("{9A19103F-16F7-4668-BE54-9A1E7A4F7556}") = "LS.UnitTests", "test\LS.UnitTests\LS.UnitTests.csproj", "{4576497B-2EF1-45C6-9DF0-DA64A267A13C}"
EndProject
Project("{9A19103F-16F7-4668-BE54-9A1E7A4F7556}") = "LS.Domain.Core", "src\Domain\LS.Domain.Core\LS.Domain.Core.csproj", "{35CD59B0-3AB3-44B4-AA2A-4DCF713A46A6}"
EndProject
Project("{9A19103F-16F7-4668-BE54-9A1E7A4F7556}") = "LS.Infra.Data.Read", "src\Infra\LS.Infra.Data.Read\LS.Infra.Data.Read.csproj", "{76AA0113-C66A-41B1-ACEF-483CDDF5BA98}"
EndProject
Project("{9A19103F-16F7-4668-BE54-9A1E7A4F7556}") = "LS.Infra.CrossCutting.IoC", "src\Infra\LS.Infra.IoC\LS.Infra.CrossCutting.IoC.csproj", "{6949688D-3009-4DF8-9E89-B55E37508922}"
EndProject
Project("{9A19103F-16F7-4668-BE54-9A1E7A4F7556}") = "LS.WebApi", "src\WebApi\LS.WebApi\LS.WebApi.csproj", "{D68BABE7-6FCA-4C41-BF3C-CB300FE0D763}"
EndProject
Project("{9A19103F-16F7-4668-BE54-9A1E7A4F7556}") = "LS.Application", "src\Application\LS.Application\LS.Application.csproj", "{3F8CCE85-6E26-4BE4-A596-80F8B65F9C6A}"
EndProject
Project("{9A19103F-16F7-4668-BE54-9A1E7A4F7556}") = "LS.Infra.Data.Write", "src\Infra\LS.Infra.Data.Write\LS.Infra.Data.Write.csproj", "{287CBF72-0796-4FE2-895A-2858196D1405}"
EndProject
Project("{2150E333-8FDC-42A3-9474-1A3956D46DE8}") = "4.1 - Data", "4.1 - Data", "{8F9BACB1-977A-4DEA-883D-C811878B7D63}"
EndProject
Project("{2150E333-8FDC-42A3-9474-1A3956D46DE8}") = "4.2 - CrossCutting", "4.2 - CrossCutting", "{92BA5B78-0B4C-4580-A5CE-9E9704AB338E}"
EndProject
Project("{9A19103F-16F7-4668-BE54-9A1E7A4F7556}") = "LS.Infra.CrossCutting.Identity", "src\Infra\LS.Infra.CrossCutting.Identity\LS.Infra.CrossCutting.Identity.csproj", "{FE49A82E-91B6-476E-ADFF-212CF861116B}"
EndProject
Project("{FAE04EC0-301F-11D3-BF4B-00C04F79EFBC}") = "LS.IntegrationTests", "test\LS.IntegrationTests\LS.IntegrationTests.csproj", "{0A32D1C1-81FB-494D-9571-AA9719A9B43D}"
EndProject
Global
	GlobalSection(SolutionConfigurationPlatforms) = preSolution
		Debug|Any CPU = Debug|Any CPU
		Release|Any CPU = Release|Any CPU
	EndGlobalSection
	GlobalSection(ProjectConfigurationPlatforms) = postSolution
		{DE83BABD-09FB-43F4-8815-E0714DB3DEDC}.Debug|Any CPU.ActiveCfg = Debug|Any CPU
		{DE83BABD-09FB-43F4-8815-E0714DB3DEDC}.Debug|Any CPU.Build.0 = Debug|Any CPU
		{DE83BABD-09FB-43F4-8815-E0714DB3DEDC}.Release|Any CPU.ActiveCfg = Release|Any CPU
		{DE83BABD-09FB-43F4-8815-E0714DB3DEDC}.Release|Any CPU.Build.0 = Release|Any CPU
		{4576497B-2EF1-45C6-9DF0-DA64A267A13C}.Debug|Any CPU.ActiveCfg = Debug|Any CPU
		{4576497B-2EF1-45C6-9DF0-DA64A267A13C}.Debug|Any CPU.Build.0 = Debug|Any CPU
		{4576497B-2EF1-45C6-9DF0-DA64A267A13C}.Release|Any CPU.ActiveCfg = Release|Any CPU
		{4576497B-2EF1-45C6-9DF0-DA64A267A13C}.Release|Any CPU.Build.0 = Release|Any CPU
		{35CD59B0-3AB3-44B4-AA2A-4DCF713A46A6}.Debug|Any CPU.ActiveCfg = Debug|Any CPU
		{35CD59B0-3AB3-44B4-AA2A-4DCF713A46A6}.Debug|Any CPU.Build.0 = Debug|Any CPU
		{35CD59B0-3AB3-44B4-AA2A-4DCF713A46A6}.Release|Any CPU.ActiveCfg = Release|Any CPU
		{35CD59B0-3AB3-44B4-AA2A-4DCF713A46A6}.Release|Any CPU.Build.0 = Release|Any CPU
		{76AA0113-C66A-41B1-ACEF-483CDDF5BA98}.Debug|Any CPU.ActiveCfg = Debug|Any CPU
		{76AA0113-C66A-41B1-ACEF-483CDDF5BA98}.Debug|Any CPU.Build.0 = Debug|Any CPU
		{76AA0113-C66A-41B1-ACEF-483CDDF5BA98}.Release|Any CPU.ActiveCfg = Release|Any CPU
		{76AA0113-C66A-41B1-ACEF-483CDDF5BA98}.Release|Any CPU.Build.0 = Release|Any CPU
		{6949688D-3009-4DF8-9E89-B55E37508922}.Debug|Any CPU.ActiveCfg = Debug|Any CPU
		{6949688D-3009-4DF8-9E89-B55E37508922}.Debug|Any CPU.Build.0 = Debug|Any CPU
		{6949688D-3009-4DF8-9E89-B55E37508922}.Release|Any CPU.ActiveCfg = Release|Any CPU
		{6949688D-3009-4DF8-9E89-B55E37508922}.Release|Any CPU.Build.0 = Release|Any CPU
		{D68BABE7-6FCA-4C41-BF3C-CB300FE0D763}.Debug|Any CPU.ActiveCfg = Debug|Any CPU
		{D68BABE7-6FCA-4C41-BF3C-CB300FE0D763}.Debug|Any CPU.Build.0 = Debug|Any CPU
		{D68BABE7-6FCA-4C41-BF3C-CB300FE0D763}.Release|Any CPU.ActiveCfg = Release|Any CPU
		{D68BABE7-6FCA-4C41-BF3C-CB300FE0D763}.Release|Any CPU.Build.0 = Release|Any CPU
		{3F8CCE85-6E26-4BE4-A596-80F8B65F9C6A}.Debug|Any CPU.ActiveCfg = Debug|Any CPU
		{3F8CCE85-6E26-4BE4-A596-80F8B65F9C6A}.Debug|Any CPU.Build.0 = Debug|Any CPU
		{3F8CCE85-6E26-4BE4-A596-80F8B65F9C6A}.Release|Any CPU.ActiveCfg = Release|Any CPU
		{3F8CCE85-6E26-4BE4-A596-80F8B65F9C6A}.Release|Any CPU.Build.0 = Release|Any CPU
		{287CBF72-0796-4FE2-895A-2858196D1405}.Debug|Any CPU.ActiveCfg = Debug|Any CPU
		{287CBF72-0796-4FE2-895A-2858196D1405}.Debug|Any CPU.Build.0 = Debug|Any CPU
		{287CBF72-0796-4FE2-895A-2858196D1405}.Release|Any CPU.ActiveCfg = Release|Any CPU
		{287CBF72-0796-4FE2-895A-2858196D1405}.Release|Any CPU.Build.0 = Release|Any CPU
		{FE49A82E-91B6-476E-ADFF-212CF861116B}.Debug|Any CPU.ActiveCfg = Debug|Any CPU
		{FE49A82E-91B6-476E-ADFF-212CF861116B}.Debug|Any CPU.Build.0 = Debug|Any CPU
		{FE49A82E-91B6-476E-ADFF-212CF861116B}.Release|Any CPU.ActiveCfg = Release|Any CPU
		{FE49A82E-91B6-476E-ADFF-212CF861116B}.Release|Any CPU.Build.0 = Release|Any CPU
		{0A32D1C1-81FB-494D-9571-AA9719A9B43D}.Debug|Any CPU.ActiveCfg = Debug|Any CPU
		{0A32D1C1-81FB-494D-9571-AA9719A9B43D}.Debug|Any CPU.Build.0 = Debug|Any CPU
		{0A32D1C1-81FB-494D-9571-AA9719A9B43D}.Release|Any CPU.ActiveCfg = Release|Any CPU
		{0A32D1C1-81FB-494D-9571-AA9719A9B43D}.Release|Any CPU.Build.0 = Release|Any CPU
	EndGlobalSection
	GlobalSection(SolutionProperties) = preSolution
		HideSolutionNode = FALSE
	EndGlobalSection
	GlobalSection(NestedProjects) = preSolution
		{DE83BABD-09FB-43F4-8815-E0714DB3DEDC} = {C3625282-4688-4FB0-98A6-EC6BCF3C8995}
		{4576497B-2EF1-45C6-9DF0-DA64A267A13C} = {92F2B238-D715-4CEC-AE19-FFCE1FAD532F}
		{35CD59B0-3AB3-44B4-AA2A-4DCF713A46A6} = {C3625282-4688-4FB0-98A6-EC6BCF3C8995}
		{76AA0113-C66A-41B1-ACEF-483CDDF5BA98} = {8F9BACB1-977A-4DEA-883D-C811878B7D63}
		{6949688D-3009-4DF8-9E89-B55E37508922} = {92BA5B78-0B4C-4580-A5CE-9E9704AB338E}
		{D68BABE7-6FCA-4C41-BF3C-CB300FE0D763} = {67EF8701-FBD4-40C0-A2CF-964584C72B51}
		{3F8CCE85-6E26-4BE4-A596-80F8B65F9C6A} = {3C4AFCEE-0433-47AB-8C33-36F53F193599}
		{287CBF72-0796-4FE2-895A-2858196D1405} = {8F9BACB1-977A-4DEA-883D-C811878B7D63}
		{8F9BACB1-977A-4DEA-883D-C811878B7D63} = {1DD02430-BEFB-422D-B91F-8DBCB60BD079}
		{92BA5B78-0B4C-4580-A5CE-9E9704AB338E} = {1DD02430-BEFB-422D-B91F-8DBCB60BD079}
		{FE49A82E-91B6-476E-ADFF-212CF861116B} = {92BA5B78-0B4C-4580-A5CE-9E9704AB338E}
		{0A32D1C1-81FB-494D-9571-AA9719A9B43D} = {92F2B238-D715-4CEC-AE19-FFCE1FAD532F}
	EndGlobalSection
	GlobalSection(ExtensibilityGlobals) = postSolution
		SolutionGuid = {F31BC783-A2FE-4F19-861D-0EE0A66C68CB}
	EndGlobalSection
EndGlobal
